
Microsoft Visual Studio Solution File, Format Version 12.00
# Visual Studio 14
VisualStudioVersion = 14.0.25420.1
MinimumVisualStudioVersion = 10.0.40219.1
Project("{FAE04EC0-301F-11D3-BF4B-00C04F79EFBC}") = "RenderBuddy.Android", "RenderBuddy.Android\RenderBuddy.Android.csproj", "{2DC89B77-ACE6-4FA2-8846-0F5F98303414}"
EndProject
Project("{FAE04EC0-301F-11D3-BF4B-00C04F79EFBC}") = "RenderBuddy.DesktopGL", "RenderBuddy.DesktopGL\RenderBuddy.DesktopGL.csproj", "{CF5FCAB8-097C-468A-926A-3B4FA3590605}"
EndProject
Project("{FAE04EC0-301F-11D3-BF4B-00C04F79EFBC}") = "RenderBuddy.iOS", "RenderBuddy.iOS\RenderBuddy.iOS.csproj", "{3DC38273-ED5B-4385-AE85-79D7F1B39541}"
EndProject
Project("{FAE04EC0-301F-11D3-BF4B-00C04F79EFBC}") = "RenderBuddy.WindowsUniversal", "RenderBuddy.WindowsUniversal\RenderBuddy.WindowsUniversal.csproj", "{3FF4694E-B0CC-42F3-852F-FBE10AE8E09F}"
EndProject
Project("{2150E333-8FDC-42A3-9474-1A3956D46DE8}") = "Solution Items", "Solution Items", "{D47CEB3E-C791-445A-BBB6-D750BC64CA6C}"
	ProjectSection(SolutionItems) = preProject
		..\Content\AnimationBuddyShader.fx = ..\Content\AnimationBuddyShader.fx
		buildNugetPackages.ps1 = buildNugetPackages.ps1
		RenderBuddy.nuspec = RenderBuddy.nuspec
	EndProjectSection
EndProject
Project("{D954291E-2A0B-460D-934E-DC6B0785DB48}") = "RenderBuddy.SharedProject", "RenderBuddy.SharedProject\RenderBuddy.SharedProject.shproj", "{43CDB02F-8DF5-4059-8056-12C04386DF1E}"
EndProject
Global
	GlobalSection(SharedMSBuildProjectFiles) = preSolution
		RenderBuddy.SharedProject\RenderBuddy.SharedProject.projitems*{2dc89b77-ace6-4fa2-8846-0f5f98303414}*SharedItemsImports = 4
		RenderBuddy.SharedProject\RenderBuddy.SharedProject.projitems*{3dc38273-ed5b-4385-ae85-79d7f1b39541}*SharedItemsImports = 4
		RenderBuddy.SharedProject\RenderBuddy.SharedProject.projitems*{3ff4694e-b0cc-42f3-852f-fbe10ae8e09f}*SharedItemsImports = 4
		RenderBuddy.SharedProject\RenderBuddy.SharedProject.projitems*{43cdb02f-8df5-4059-8056-12c04386df1e}*SharedItemsImports = 13
		RenderBuddy.SharedProject\RenderBuddy.SharedProject.projitems*{cf5fcab8-097c-468a-926a-3b4fa3590605}*SharedItemsImports = 4
	EndGlobalSection
	GlobalSection(SolutionConfigurationPlatforms) = preSolution
		AppStore|Any CPU = AppStore|Any CPU
		AppStore|ARM = AppStore|ARM
		AppStore|x64 = AppStore|x64
		AppStore|x86 = AppStore|x86
		Debug|Any CPU = Debug|Any CPU
		Debug|ARM = Debug|ARM
		Debug|x64 = Debug|x64
		Debug|x86 = Debug|x86
		Release|Any CPU = Release|Any CPU
		Release|ARM = Release|ARM
		Release|x64 = Release|x64
		Release|x86 = Release|x86
	EndGlobalSection
	GlobalSection(ProjectConfigurationPlatforms) = postSolution
		{2DC89B77-ACE6-4FA2-8846-0F5F98303414}.AppStore|Any CPU.ActiveCfg = Release|Any CPU
		{2DC89B77-ACE6-4FA2-8846-0F5F98303414}.AppStore|Any CPU.Build.0 = Release|Any CPU
		{2DC89B77-ACE6-4FA2-8846-0F5F98303414}.AppStore|ARM.ActiveCfg = Debug|Any CPU
		{2DC89B77-ACE6-4FA2-8846-0F5F98303414}.AppStore|ARM.Build.0 = Debug|Any CPU
		{2DC89B77-ACE6-4FA2-8846-0F5F98303414}.AppStore|x64.ActiveCfg = Debug|Any CPU
		{2DC89B77-ACE6-4FA2-8846-0F5F98303414}.AppStore|x64.Build.0 = Debug|Any CPU
		{2DC89B77-ACE6-4FA2-8846-0F5F98303414}.AppStore|x86.ActiveCfg = Debug|Any CPU
		{2DC89B77-ACE6-4FA2-8846-0F5F98303414}.AppStore|x86.Build.0 = Debug|Any CPU
		{2DC89B77-ACE6-4FA2-8846-0F5F98303414}.Debug|Any CPU.ActiveCfg = Debug|Any CPU
		{2DC89B77-ACE6-4FA2-8846-0F5F98303414}.Debug|Any CPU.Build.0 = Debug|Any CPU
		{2DC89B77-ACE6-4FA2-8846-0F5F98303414}.Debug|ARM.ActiveCfg = Debug|Any CPU
		{2DC89B77-ACE6-4FA2-8846-0F5F98303414}.Debug|ARM.Build.0 = Debug|Any CPU
		{2DC89B77-ACE6-4FA2-8846-0F5F98303414}.Debug|x64.ActiveCfg = Debug|Any CPU
		{2DC89B77-ACE6-4FA2-8846-0F5F98303414}.Debug|x64.Build.0 = Debug|Any CPU
		{2DC89B77-ACE6-4FA2-8846-0F5F98303414}.Debug|x86.ActiveCfg = Debug|Any CPU
		{2DC89B77-ACE6-4FA2-8846-0F5F98303414}.Debug|x86.Build.0 = Debug|Any CPU
		{2DC89B77-ACE6-4FA2-8846-0F5F98303414}.Release|Any CPU.ActiveCfg = Release|Any CPU
		{2DC89B77-ACE6-4FA2-8846-0F5F98303414}.Release|Any CPU.Build.0 = Release|Any CPU
		{2DC89B77-ACE6-4FA2-8846-0F5F98303414}.Release|ARM.ActiveCfg = Release|Any CPU
		{2DC89B77-ACE6-4FA2-8846-0F5F98303414}.Release|ARM.Build.0 = Release|Any CPU
		{2DC89B77-ACE6-4FA2-8846-0F5F98303414}.Release|x64.ActiveCfg = Release|Any CPU
		{2DC89B77-ACE6-4FA2-8846-0F5F98303414}.Release|x64.Build.0 = Release|Any CPU
		{2DC89B77-ACE6-4FA2-8846-0F5F98303414}.Release|x86.ActiveCfg = Release|Any CPU
		{2DC89B77-ACE6-4FA2-8846-0F5F98303414}.Release|x86.Build.0 = Release|Any CPU
		{CF5FCAB8-097C-468A-926A-3B4FA3590605}.AppStore|Any CPU.ActiveCfg = Release|Any CPU
		{CF5FCAB8-097C-468A-926A-3B4FA3590605}.AppStore|Any CPU.Build.0 = Release|Any CPU
		{CF5FCAB8-097C-468A-926A-3B4FA3590605}.AppStore|ARM.ActiveCfg = Debug|Any CPU
		{CF5FCAB8-097C-468A-926A-3B4FA3590605}.AppStore|ARM.Build.0 = Debug|Any CPU
		{CF5FCAB8-097C-468A-926A-3B4FA3590605}.AppStore|x64.ActiveCfg = Debug|Any CPU
		{CF5FCAB8-097C-468A-926A-3B4FA3590605}.AppStore|x64.Build.0 = Debug|Any CPU
		{CF5FCAB8-097C-468A-926A-3B4FA3590605}.AppStore|x86.ActiveCfg = Debug|Any CPU
		{CF5FCAB8-097C-468A-926A-3B4FA3590605}.AppStore|x86.Build.0 = Debug|Any CPU
		{CF5FCAB8-097C-468A-926A-3B4FA3590605}.Debug|Any CPU.ActiveCfg = Debug|Any CPU
		{CF5FCAB8-097C-468A-926A-3B4FA3590605}.Debug|Any CPU.Build.0 = Debug|Any CPU
		{CF5FCAB8-097C-468A-926A-3B4FA3590605}.Debug|ARM.ActiveCfg = Debug|Any CPU
		{CF5FCAB8-097C-468A-926A-3B4FA3590605}.Debug|ARM.Build.0 = Debug|Any CPU
		{CF5FCAB8-097C-468A-926A-3B4FA3590605}.Debug|x64.ActiveCfg = Debug|Any CPU
		{CF5FCAB8-097C-468A-926A-3B4FA3590605}.Debug|x64.Build.0 = Debug|Any CPU
		{CF5FCAB8-097C-468A-926A-3B4FA3590605}.Debug|x86.ActiveCfg = Debug|Any CPU
		{CF5FCAB8-097C-468A-926A-3B4FA3590605}.Debug|x86.Build.0 = Debug|Any CPU
		{CF5FCAB8-097C-468A-926A-3B4FA3590605}.Release|Any CPU.ActiveCfg = Release|Any CPU
		{CF5FCAB8-097C-468A-926A-3B4FA3590605}.Release|Any CPU.Build.0 = Release|Any CPU
		{CF5FCAB8-097C-468A-926A-3B4FA3590605}.Release|ARM.ActiveCfg = Release|Any CPU
		{CF5FCAB8-097C-468A-926A-3B4FA3590605}.Release|ARM.Build.0 = Release|Any CPU
		{CF5FCAB8-097C-468A-926A-3B4FA3590605}.Release|x64.ActiveCfg = Release|Any CPU
		{CF5FCAB8-097C-468A-926A-3B4FA3590605}.Release|x64.Build.0 = Release|Any CPU
		{CF5FCAB8-097C-468A-926A-3B4FA3590605}.Release|x86.ActiveCfg = Release|Any CPU
		{CF5FCAB8-097C-468A-926A-3B4FA3590605}.Release|x86.Build.0 = Release|Any CPU
		{3DC38273-ED5B-4385-AE85-79D7F1B39541}.AppStore|Any CPU.ActiveCfg = Release|Any CPU
		{3DC38273-ED5B-4385-AE85-79D7F1B39541}.AppStore|Any CPU.Build.0 = Release|Any CPU
		{3DC38273-ED5B-4385-AE85-79D7F1B39541}.AppStore|ARM.ActiveCfg = Release|Any CPU
		{3DC38273-ED5B-4385-AE85-79D7F1B39541}.AppStore|ARM.Build.0 = Release|Any CPU
		{3DC38273-ED5B-4385-AE85-79D7F1B39541}.AppStore|x64.ActiveCfg = Release|Any CPU
		{3DC38273-ED5B-4385-AE85-79D7F1B39541}.AppStore|x64.Build.0 = Release|Any CPU
		{3DC38273-ED5B-4385-AE85-79D7F1B39541}.AppStore|x86.ActiveCfg = Release|Any CPU
		{3DC38273-ED5B-4385-AE85-79D7F1B39541}.AppStore|x86.Build.0 = Release|Any CPU
		{3DC38273-ED5B-4385-AE85-79D7F1B39541}.Debug|Any CPU.ActiveCfg = Debug|Any CPU
		{3DC38273-ED5B-4385-AE85-79D7F1B39541}.Debug|Any CPU.Build.0 = Debug|Any CPU
		{3DC38273-ED5B-4385-AE85-79D7F1B39541}.Debug|ARM.ActiveCfg = Debug|Any CPU
		{3DC38273-ED5B-4385-AE85-79D7F1B39541}.Debug|ARM.Build.0 = Debug|Any CPU
		{3DC38273-ED5B-4385-AE85-79D7F1B39541}.Debug|x64.ActiveCfg = Debug|Any CPU
		{3DC38273-ED5B-4385-AE85-79D7F1B39541}.Debug|x64.Build.0 = Debug|Any CPU
		{3DC38273-ED5B-4385-AE85-79D7F1B39541}.Debug|x86.ActiveCfg = Debug|Any CPU
		{3DC38273-ED5B-4385-AE85-79D7F1B39541}.Debug|x86.Build.0 = Debug|Any CPU
		{3DC38273-ED5B-4385-AE85-79D7F1B39541}.Release|Any CPU.ActiveCfg = Release|Any CPU
		{3DC38273-ED5B-4385-AE85-79D7F1B39541}.Release|Any CPU.Build.0 = Release|Any CPU
		{3DC38273-ED5B-4385-AE85-79D7F1B39541}.Release|ARM.ActiveCfg = Release|Any CPU
		{3DC38273-ED5B-4385-AE85-79D7F1B39541}.Release|ARM.Build.0 = Release|Any CPU
		{3DC38273-ED5B-4385-AE85-79D7F1B39541}.Release|x64.ActiveCfg = Release|Any CPU
		{3DC38273-ED5B-4385-AE85-79D7F1B39541}.Release|x64.Build.0 = Release|Any CPU
		{3DC38273-ED5B-4385-AE85-79D7F1B39541}.Release|x86.ActiveCfg = Release|Any CPU
		{3DC38273-ED5B-4385-AE85-79D7F1B39541}.Release|x86.Build.0 = Release|Any CPU
		{3FF4694E-B0CC-42F3-852F-FBE10AE8E09F}.AppStore|Any CPU.ActiveCfg = Release|Any CPU
		{3FF4694E-B0CC-42F3-852F-FBE10AE8E09F}.AppStore|Any CPU.Build.0 = Release|Any CPU
		{3FF4694E-B0CC-42F3-852F-FBE10AE8E09F}.AppStore|ARM.ActiveCfg = Release|ARM
		{3FF4694E-B0CC-42F3-852F-FBE10AE8E09F}.AppStore|ARM.Build.0 = Release|ARM
		{3FF4694E-B0CC-42F3-852F-FBE10AE8E09F}.AppStore|x64.ActiveCfg = Release|x64
		{3FF4694E-B0CC-42F3-852F-FBE10AE8E09F}.AppStore|x64.Build.0 = Release|x64
		{3FF4694E-B0CC-42F3-852F-FBE10AE8E09F}.AppStore|x86.ActiveCfg = Release|x86
		{3FF4694E-B0CC-42F3-852F-FBE10AE8E09F}.AppStore|x86.Build.0 = Release|x86
		{3FF4694E-B0CC-42F3-852F-FBE10AE8E09F}.Debug|Any CPU.ActiveCfg = Debug|Any CPU
		{3FF4694E-B0CC-42F3-852F-FBE10AE8E09F}.Debug|Any CPU.Build.0 = Debug|Any CPU
		{3FF4694E-B0CC-42F3-852F-FBE10AE8E09F}.Debug|ARM.ActiveCfg = Debug|ARM
		{3FF4694E-B0CC-42F3-852F-FBE10AE8E09F}.Debug|ARM.Build.0 = Debug|ARM
		{3FF4694E-B0CC-42F3-852F-FBE10AE8E09F}.Debug|x64.ActiveCfg = Debug|x64
		{3FF4694E-B0CC-42F3-852F-FBE10AE8E09F}.Debug|x64.Build.0 = Debug|x64
		{3FF4694E-B0CC-42F3-852F-FBE10AE8E09F}.Debug|x86.ActiveCfg = Debug|x86
		{3FF4694E-B0CC-42F3-852F-FBE10AE8E09F}.Debug|x86.Build.0 = Debug|x86
		{3FF4694E-B0CC-42F3-852F-FBE10AE8E09F}.Release|Any CPU.ActiveCfg = Release|Any CPU
		{3FF4694E-B0CC-42F3-852F-FBE10AE8E09F}.Release|Any CPU.Build.0 = Release|Any CPU
		{3FF4694E-B0CC-42F3-852F-FBE10AE8E09F}.Release|ARM.ActiveCfg = Release|ARM
		{3FF4694E-B0CC-42F3-852F-FBE10AE8E09F}.Release|ARM.Build.0 = Release|ARM
		{3FF4694E-B0CC-42F3-852F-FBE10AE8E09F}.Release|x64.ActiveCfg = Release|x64
		{3FF4694E-B0CC-42F3-852F-FBE10AE8E09F}.Release|x64.Build.0 = Release|x64
		{3FF4694E-B0CC-42F3-852F-FBE10AE8E09F}.Release|x86.ActiveCfg = Release|x86
		{3FF4694E-B0CC-42F3-852F-FBE10AE8E09F}.Release|x86.Build.0 = Release|x86
	EndGlobalSection
	GlobalSection(SolutionProperties) = preSolution
		HideSolutionNode = FALSE
	EndGlobalSection
EndGlobal
