
Microsoft Visual Studio Solution File, Format Version 12.00
# Visual Studio Version 16
VisualStudioVersion = 16.0.30804.86
MinimumVisualStudioVersion = 10.0.40219.1
Project("{FAE04EC0-301F-11D3-BF4B-00C04F79EFBC}") = "RenderBuddy.Android", "RenderBuddy.Android\RenderBuddy.Android.csproj", "{2DC89B77-ACE6-4FA2-8846-0F5F98303414}"
EndProject
Project("{FAE04EC0-301F-11D3-BF4B-00C04F79EFBC}") = "RenderBuddy.iOS", "RenderBuddy.iOS\RenderBuddy.iOS.csproj", "{3DC38273-ED5B-4385-AE85-79D7F1B39541}"
EndProject
Project("{2150E333-8FDC-42A3-9474-1A3956D46DE8}") = "Solution Items", "Solution Items", "{D47CEB3E-C791-445A-BBB6-D750BC64CA6C}"
	ProjectSection(SolutionItems) = preProject
		..\Content\AnimationBuddyShader.fx = ..\Content\AnimationBuddyShader.fx
		buildNugetPackages.ps1 = buildNugetPackages.ps1
		RenderBuddy.nuspec = RenderBuddy.nuspec
	EndProjectSection
EndProject
Project("{D954291E-2A0B-460D-934E-DC6B0785DB48}") = "RenderBuddy.SharedProject", "RenderBuddy.SharedProject\RenderBuddy.SharedProject.shproj", "{43CDB02F-8DF5-4059-8056-12C04386DF1E}"
EndProject
Project("{FAE04EC0-301F-11D3-BF4B-00C04F79EFBC}") = "RenderBuddy.WindowsDX", "RenderBuddy.WindowsDX\RenderBuddy.WindowsDX.csproj", "{04BD06F4-7196-4178-A97F-88EED98BA4DA}"
EndProject
Global
	GlobalSection(SharedMSBuildProjectFiles) = preSolution
		RenderBuddy.SharedProject\RenderBuddy.SharedProject.projitems*{04bd06f4-7196-4178-a97f-88eed98ba4da}*SharedItemsImports = 4
		RenderBuddy.SharedProject\RenderBuddy.SharedProject.projitems*{2dc89b77-ace6-4fa2-8846-0f5f98303414}*SharedItemsImports = 4
		RenderBuddy.SharedProject\RenderBuddy.SharedProject.projitems*{3dc38273-ed5b-4385-ae85-79d7f1b39541}*SharedItemsImports = 4
		RenderBuddy.SharedProject\RenderBuddy.SharedProject.projitems*{43cdb02f-8df5-4059-8056-12c04386df1e}*SharedItemsImports = 13
	EndGlobalSection
	GlobalSection(SolutionConfigurationPlatforms) = preSolution
		AppStore|Any CPU = AppStore|Any CPU
		AppStore|ARM = AppStore|ARM
		AppStore|x64 = AppStore|x64
		AppStore|x86 = AppStore|x86
		Debug|Any CPU = Debug|Any CPU
		Debug|ARM = Debug|ARM
		Debug|x64 = Debug|x64
		Debug|x86 = Debug|x86
		Release|Any CPU = Release|Any CPU
		Release|ARM = Release|ARM
		Release|x64 = Release|x64
		Release|x86 = Release|x86
	EndGlobalSection
	GlobalSection(ProjectConfigurationPlatforms) = postSolution
		{2DC89B77-ACE6-4FA2-8846-0F5F98303414}.AppStore|Any CPU.ActiveCfg = Release|Any CPU
		{2DC89B77-ACE6-4FA2-8846-0F5F98303414}.AppStore|Any CPU.Build.0 = Release|Any CPU
		{2DC89B77-ACE6-4FA2-8846-0F5F98303414}.AppStore|ARM.ActiveCfg = Debug|Any CPU
		{2DC89B77-ACE6-4FA2-8846-0F5F98303414}.AppStore|ARM.Build.0 = Debug|Any CPU
		{2DC89B77-ACE6-4FA2-8846-0F5F98303414}.AppStore|x64.ActiveCfg = Debug|Any CPU
		{2DC89B77-ACE6-4FA2-8846-0F5F98303414}.AppStore|x64.Build.0 = Debug|Any CPU
		{2DC89B77-ACE6-4FA2-8846-0F5F98303414}.AppStore|x86.ActiveCfg = Debug|Any CPU
		{2DC89B77-ACE6-4FA2-8846-0F5F98303414}.AppStore|x86.Build.0 = Debug|Any CPU
		{2DC89B77-ACE6-4FA2-8846-0F5F98303414}.Debug|Any CPU.ActiveCfg = Debug|Any CPU
		{2DC89B77-ACE6-4FA2-8846-0F5F98303414}.Debug|Any CPU.Build.0 = Debug|Any CPU
		{2DC89B77-ACE6-4FA2-8846-0F5F98303414}.Debug|ARM.ActiveCfg = Debug|Any CPU
		{2DC89B77-ACE6-4FA2-8846-0F5F98303414}.Debug|ARM.Build.0 = Debug|Any CPU
		{2DC89B77-ACE6-4FA2-8846-0F5F98303414}.Debug|x64.ActiveCfg = Debug|Any CPU
		{2DC89B77-ACE6-4FA2-8846-0F5F98303414}.Debug|x64.Build.0 = Debug|Any CPU
		{2DC89B77-ACE6-4FA2-8846-0F5F98303414}.Debug|x86.ActiveCfg = Debug|Any CPU
		{2DC89B77-ACE6-4FA2-8846-0F5F98303414}.Debug|x86.Build.0 = Debug|Any CPU
		{2DC89B77-ACE6-4FA2-8846-0F5F98303414}.Release|Any CPU.ActiveCfg = Release|Any CPU
		{2DC89B77-ACE6-4FA2-8846-0F5F98303414}.Release|Any CPU.Build.0 = Release|Any CPU
		{2DC89B77-ACE6-4FA2-8846-0F5F98303414}.Release|ARM.ActiveCfg = Release|Any CPU
		{2DC89B77-ACE6-4FA2-8846-0F5F98303414}.Release|ARM.Build.0 = Release|Any CPU
		{2DC89B77-ACE6-4FA2-8846-0F5F98303414}.Release|x64.ActiveCfg = Release|Any CPU
		{2DC89B77-ACE6-4FA2-8846-0F5F98303414}.Release|x64.Build.0 = Release|Any CPU
		{2DC89B77-ACE6-4FA2-8846-0F5F98303414}.Release|x86.ActiveCfg = Release|Any CPU
		{2DC89B77-ACE6-4FA2-8846-0F5F98303414}.Release|x86.Build.0 = Release|Any CPU
		{3DC38273-ED5B-4385-AE85-79D7F1B39541}.AppStore|Any CPU.ActiveCfg = Release|Any CPU
		{3DC38273-ED5B-4385-AE85-79D7F1B39541}.AppStore|Any CPU.Build.0 = Release|Any CPU
		{3DC38273-ED5B-4385-AE85-79D7F1B39541}.AppStore|ARM.ActiveCfg = Release|Any CPU
		{3DC38273-ED5B-4385-AE85-79D7F1B39541}.AppStore|ARM.Build.0 = Release|Any CPU
		{3DC38273-ED5B-4385-AE85-79D7F1B39541}.AppStore|x64.ActiveCfg = Release|Any CPU
		{3DC38273-ED5B-4385-AE85-79D7F1B39541}.AppStore|x64.Build.0 = Release|Any CPU
		{3DC38273-ED5B-4385-AE85-79D7F1B39541}.AppStore|x86.ActiveCfg = Release|Any CPU
		{3DC38273-ED5B-4385-AE85-79D7F1B39541}.AppStore|x86.Build.0 = Release|Any CPU
		{3DC38273-ED5B-4385-AE85-79D7F1B39541}.Debug|Any CPU.ActiveCfg = Debug|Any CPU
		{3DC38273-ED5B-4385-AE85-79D7F1B39541}.Debug|Any CPU.Build.0 = Debug|Any CPU
		{3DC38273-ED5B-4385-AE85-79D7F1B39541}.Debug|ARM.ActiveCfg = Debug|Any CPU
		{3DC38273-ED5B-4385-AE85-79D7F1B39541}.Debug|ARM.Build.0 = Debug|Any CPU
		{3DC38273-ED5B-4385-AE85-79D7F1B39541}.Debug|x64.ActiveCfg = Debug|Any CPU
		{3DC38273-ED5B-4385-AE85-79D7F1B39541}.Debug|x64.Build.0 = Debug|Any CPU
		{3DC38273-ED5B-4385-AE85-79D7F1B39541}.Debug|x86.ActiveCfg = Debug|Any CPU
		{3DC38273-ED5B-4385-AE85-79D7F1B39541}.Debug|x86.Build.0 = Debug|Any CPU
		{3DC38273-ED5B-4385-AE85-79D7F1B39541}.Release|Any CPU.ActiveCfg = Release|Any CPU
		{3DC38273-ED5B-4385-AE85-79D7F1B39541}.Release|Any CPU.Build.0 = Release|Any CPU
		{3DC38273-ED5B-4385-AE85-79D7F1B39541}.Release|ARM.ActiveCfg = Release|Any CPU
		{3DC38273-ED5B-4385-AE85-79D7F1B39541}.Release|ARM.Build.0 = Release|Any CPU
		{3DC38273-ED5B-4385-AE85-79D7F1B39541}.Release|x64.ActiveCfg = Release|Any CPU
		{3DC38273-ED5B-4385-AE85-79D7F1B39541}.Release|x64.Build.0 = Release|Any CPU
		{3DC38273-ED5B-4385-AE85-79D7F1B39541}.Release|x86.ActiveCfg = Release|Any CPU
		{3DC38273-ED5B-4385-AE85-79D7F1B39541}.Release|x86.Build.0 = Release|Any CPU
		{04BD06F4-7196-4178-A97F-88EED98BA4DA}.AppStore|Any CPU.ActiveCfg = Release|Any CPU
		{04BD06F4-7196-4178-A97F-88EED98BA4DA}.AppStore|Any CPU.Build.0 = Release|Any CPU
		{04BD06F4-7196-4178-A97F-88EED98BA4DA}.AppStore|ARM.ActiveCfg = Release|Any CPU
		{04BD06F4-7196-4178-A97F-88EED98BA4DA}.AppStore|ARM.Build.0 = Release|Any CPU
		{04BD06F4-7196-4178-A97F-88EED98BA4DA}.AppStore|x64.ActiveCfg = Release|Any CPU
		{04BD06F4-7196-4178-A97F-88EED98BA4DA}.AppStore|x64.Build.0 = Release|Any CPU
		{04BD06F4-7196-4178-A97F-88EED98BA4DA}.AppStore|x86.ActiveCfg = Release|Any CPU
		{04BD06F4-7196-4178-A97F-88EED98BA4DA}.AppStore|x86.Build.0 = Release|Any CPU
		{04BD06F4-7196-4178-A97F-88EED98BA4DA}.Debug|Any CPU.ActiveCfg = Debug|Any CPU
		{04BD06F4-7196-4178-A97F-88EED98BA4DA}.Debug|Any CPU.Build.0 = Debug|Any CPU
		{04BD06F4-7196-4178-A97F-88EED98BA4DA}.Debug|ARM.ActiveCfg = Debug|Any CPU
		{04BD06F4-7196-4178-A97F-88EED98BA4DA}.Debug|ARM.Build.0 = Debug|Any CPU
		{04BD06F4-7196-4178-A97F-88EED98BA4DA}.Debug|x64.ActiveCfg = Debug|Any CPU
		{04BD06F4-7196-4178-A97F-88EED98BA4DA}.Debug|x64.Build.0 = Debug|Any CPU
		{04BD06F4-7196-4178-A97F-88EED98BA4DA}.Debug|x86.ActiveCfg = Debug|Any CPU
		{04BD06F4-7196-4178-A97F-88EED98BA4DA}.Debug|x86.Build.0 = Debug|Any CPU
		{04BD06F4-7196-4178-A97F-88EED98BA4DA}.Release|Any CPU.ActiveCfg = Release|Any CPU
		{04BD06F4-7196-4178-A97F-88EED98BA4DA}.Release|Any CPU.Build.0 = Release|Any CPU
		{04BD06F4-7196-4178-A97F-88EED98BA4DA}.Release|ARM.ActiveCfg = Release|Any CPU
		{04BD06F4-7196-4178-A97F-88EED98BA4DA}.Release|ARM.Build.0 = Release|Any CPU
		{04BD06F4-7196-4178-A97F-88EED98BA4DA}.Release|x64.ActiveCfg = Release|Any CPU
		{04BD06F4-7196-4178-A97F-88EED98BA4DA}.Release|x64.Build.0 = Release|Any CPU
		{04BD06F4-7196-4178-A97F-88EED98BA4DA}.Release|x86.ActiveCfg = Release|Any CPU
		{04BD06F4-7196-4178-A97F-88EED98BA4DA}.Release|x86.Build.0 = Release|Any CPU
	EndGlobalSection
	GlobalSection(SolutionProperties) = preSolution
		HideSolutionNode = FALSE
	EndGlobalSection
	GlobalSection(ExtensibilityGlobals) = postSolution
		SolutionGuid = {B4E47C82-0ADC-435B-964E-3826B02A778F}
	EndGlobalSection
EndGlobal
