
Microsoft Visual Studio Solution File, Format Version 12.00
# Visual Studio 14
VisualStudioVersion = 14.0.25123.0
MinimumVisualStudioVersion = 10.0.40219.1
Project("{FAE04EC0-301F-11D3-BF4B-00C04F79EFBC}") = "RenderBuddy.Android", "RenderBuddy.Android\RenderBuddy.Android.csproj", "{2DC89B77-ACE6-4FA2-8846-0F5F98303414}"
EndProject
Project("{FAE04EC0-301F-11D3-BF4B-00C04F79EFBC}") = "RenderBuddy.DesktopGL", "RenderBuddy.DesktopGL\RenderBuddy.DesktopGL.csproj", "{CF5FCAB8-097C-468A-926A-3B4FA3590605}"
EndProject
Project("{FAE04EC0-301F-11D3-BF4B-00C04F79EFBC}") = "RenderBuddy.iOS", "RenderBuddy.iOS\RenderBuddy.iOS.csproj", "{3DC38273-ED5B-4385-AE85-79D7F1B39541}"
EndProject
Global
	GlobalSection(SolutionConfigurationPlatforms) = preSolution
		AppStore|Any CPU = AppStore|Any CPU
		Debug|Any CPU = Debug|Any CPU
		Release|Any CPU = Release|Any CPU
	EndGlobalSection
	GlobalSection(ProjectConfigurationPlatforms) = postSolution
		{2DC89B77-ACE6-4FA2-8846-0F5F98303414}.AppStore|Any CPU.ActiveCfg = Release|Any CPU
		{2DC89B77-ACE6-4FA2-8846-0F5F98303414}.AppStore|Any CPU.Build.0 = Release|Any CPU
		{2DC89B77-ACE6-4FA2-8846-0F5F98303414}.Debug|Any CPU.ActiveCfg = Debug|Any CPU
		{2DC89B77-ACE6-4FA2-8846-0F5F98303414}.Debug|Any CPU.Build.0 = Debug|Any CPU
		{2DC89B77-ACE6-4FA2-8846-0F5F98303414}.Release|Any CPU.ActiveCfg = Release|Any CPU
		{2DC89B77-ACE6-4FA2-8846-0F5F98303414}.Release|Any CPU.Build.0 = Release|Any CPU
		{CF5FCAB8-097C-468A-926A-3B4FA3590605}.AppStore|Any CPU.ActiveCfg = Release|Any CPU
		{CF5FCAB8-097C-468A-926A-3B4FA3590605}.AppStore|Any CPU.Build.0 = Release|Any CPU
		{CF5FCAB8-097C-468A-926A-3B4FA3590605}.Debug|Any CPU.ActiveCfg = Debug|Any CPU
		{CF5FCAB8-097C-468A-926A-3B4FA3590605}.Debug|Any CPU.Build.0 = Debug|Any CPU
		{CF5FCAB8-097C-468A-926A-3B4FA3590605}.Release|Any CPU.ActiveCfg = Release|Any CPU
		{CF5FCAB8-097C-468A-926A-3B4FA3590605}.Release|Any CPU.Build.0 = Release|Any CPU
		{3DC38273-ED5B-4385-AE85-79D7F1B39541}.AppStore|Any CPU.ActiveCfg = AppStore|Any CPU
		{3DC38273-ED5B-4385-AE85-79D7F1B39541}.AppStore|Any CPU.Build.0 = AppStore|Any CPU
		{3DC38273-ED5B-4385-AE85-79D7F1B39541}.Debug|Any CPU.ActiveCfg = Debug|Any CPU
		{3DC38273-ED5B-4385-AE85-79D7F1B39541}.Debug|Any CPU.Build.0 = Debug|Any CPU
		{3DC38273-ED5B-4385-AE85-79D7F1B39541}.Release|Any CPU.ActiveCfg = Release|Any CPU
		{3DC38273-ED5B-4385-AE85-79D7F1B39541}.Release|Any CPU.Build.0 = Release|Any CPU
	EndGlobalSection
	GlobalSection(SolutionProperties) = preSolution
		HideSolutionNode = FALSE
	EndGlobalSection
EndGlobal
